
Microsoft Visual Studio Solution File, Format Version 12.00
# Visual Studio 2013
VisualStudioVersion = 12.0.21005.1
MinimumVisualStudioVersion = 10.0.40219.1
Project("{F184B08F-C81C-45F6-A57F-5ABD9991F28F}") = "ED Smart Manager", "ED Prod Tool v2.15\ED Smart Manager.vbproj", "{71DFD609-3DD6-4EDC-AEE0-153AD3AE078E}"
EndProject
Global
	GlobalSection(SolutionConfigurationPlatforms) = preSolution
		Debug|x86 = Debug|x86
		Release|x86 = Release|x86
	EndGlobalSection
	GlobalSection(ProjectConfigurationPlatforms) = postSolution
		{71DFD609-3DD6-4EDC-AEE0-153AD3AE078E}.Debug|x86.ActiveCfg = Debug|x86
		{71DFD609-3DD6-4EDC-AEE0-153AD3AE078E}.Debug|x86.Build.0 = Debug|x86
		{71DFD609-3DD6-4EDC-AEE0-153AD3AE078E}.Release|x86.ActiveCfg = Release|x86
		{71DFD609-3DD6-4EDC-AEE0-153AD3AE078E}.Release|x86.Build.0 = Release|x86
	EndGlobalSection
	GlobalSection(SolutionProperties) = preSolution
		HideSolutionNode = FALSE
	EndGlobalSection
EndGlobal
